
Microsoft Visual Studio Solution File, Format Version 12.00
# Visual Studio 14
VisualStudioVersion = 14.0.25420.1
MinimumVisualStudioVersion = 10.0.40219.1
Project("{FAE04EC0-301F-11D3-BF4B-00C04F79EFBC}") = "ManiacGaren", "ManiacGaren\ManiacGaren.csproj", "{70409BDC-274C-453A-9857-A323CAE5AF2B}"
EndProject
Project("{FAE04EC0-301F-11D3-BF4B-00C04F79EFBC}") = "JungleTimer", "JungleTimer\JungleTimer.csproj", "{B2B8643D-917C-4B09-B14F-D20CA3612F87}"
EndProject
Project("{2150E333-8FDC-42A3-9474-1A3956D46DE8}") = "Solution Items", "Solution Items", "{F8D85484-3709-4201-8282-A59DB0E9DCAD}"
	ProjectSection(SolutionItems) = preProject
		Template.txt = Template.txt
	EndProjectSection
EndProject
Project("{FAE04EC0-301F-11D3-BF4B-00C04F79EFBC}") = "xaxiHumanReworkedFixed", "xaxiHumanRework\xaxiHumanReworkedFixed.csproj", "{A890935C-3ED1-4B6A-A66B-9B4B57B42CD9}"
EndProject
Project("{FAE04EC0-301F-11D3-BF4B-00C04F79EFBC}") = "Laugh At You", "Laugh At You\Laugh At You.csproj", "{03675D56-9A22-4A47-A141-AB8B1446B0B8}"
EndProject
Project("{FAE04EC0-301F-11D3-BF4B-00C04F79EFBC}") = "AddonTemplate", "AddonTemplate\AddonTemplate.csproj", "{6CE561E6-368D-4E58-BFBB-77F4E96EF5C5}"
EndProject
Project("{FAE04EC0-301F-11D3-BF4B-00C04F79EFBC}") = "Dev-a-lot", "Dev-a-lot\Dev-a-lot.csproj", "{150D9E4D-56D6-4E8E-B2BE-26195F4295FD}"
EndProject
Project("{FAE04EC0-301F-11D3-BF4B-00C04F79EFBC}") = "Nebula Skin_certFix", "Nebula Skin\Nebula Skin_certFix.csproj", "{BE2851EC-4CD2-46EC-A63B-DC2FC651D07C}"
EndProject
Global
	GlobalSection(SolutionConfigurationPlatforms) = preSolution
		Debug|Any CPU = Debug|Any CPU
		Release|Any CPU = Release|Any CPU
	EndGlobalSection
	GlobalSection(ProjectConfigurationPlatforms) = postSolution
		{70409BDC-274C-453A-9857-A323CAE5AF2B}.Debug|Any CPU.ActiveCfg = Debug|Any CPU
		{70409BDC-274C-453A-9857-A323CAE5AF2B}.Debug|Any CPU.Build.0 = Debug|Any CPU
		{70409BDC-274C-453A-9857-A323CAE5AF2B}.Release|Any CPU.ActiveCfg = Release|Any CPU
		{70409BDC-274C-453A-9857-A323CAE5AF2B}.Release|Any CPU.Build.0 = Release|Any CPU
		{B2B8643D-917C-4B09-B14F-D20CA3612F87}.Debug|Any CPU.ActiveCfg = Debug|Any CPU
		{B2B8643D-917C-4B09-B14F-D20CA3612F87}.Debug|Any CPU.Build.0 = Debug|Any CPU
		{B2B8643D-917C-4B09-B14F-D20CA3612F87}.Release|Any CPU.ActiveCfg = Release|Any CPU
		{B2B8643D-917C-4B09-B14F-D20CA3612F87}.Release|Any CPU.Build.0 = Release|Any CPU
		{A890935C-3ED1-4B6A-A66B-9B4B57B42CD9}.Debug|Any CPU.ActiveCfg = Debug|Any CPU
		{A890935C-3ED1-4B6A-A66B-9B4B57B42CD9}.Debug|Any CPU.Build.0 = Debug|Any CPU
		{A890935C-3ED1-4B6A-A66B-9B4B57B42CD9}.Release|Any CPU.ActiveCfg = Release|Any CPU
		{A890935C-3ED1-4B6A-A66B-9B4B57B42CD9}.Release|Any CPU.Build.0 = Release|Any CPU
		{03675D56-9A22-4A47-A141-AB8B1446B0B8}.Debug|Any CPU.ActiveCfg = Debug|Any CPU
		{03675D56-9A22-4A47-A141-AB8B1446B0B8}.Debug|Any CPU.Build.0 = Debug|Any CPU
		{03675D56-9A22-4A47-A141-AB8B1446B0B8}.Release|Any CPU.ActiveCfg = Release|Any CPU
		{03675D56-9A22-4A47-A141-AB8B1446B0B8}.Release|Any CPU.Build.0 = Release|Any CPU
		{6CE561E6-368D-4E58-BFBB-77F4E96EF5C5}.Debug|Any CPU.ActiveCfg = Debug|Any CPU
		{6CE561E6-368D-4E58-BFBB-77F4E96EF5C5}.Debug|Any CPU.Build.0 = Debug|Any CPU
		{6CE561E6-368D-4E58-BFBB-77F4E96EF5C5}.Release|Any CPU.ActiveCfg = Release|Any CPU
		{6CE561E6-368D-4E58-BFBB-77F4E96EF5C5}.Release|Any CPU.Build.0 = Release|Any CPU
		{150D9E4D-56D6-4E8E-B2BE-26195F4295FD}.Debug|Any CPU.ActiveCfg = Debug|Any CPU
		{150D9E4D-56D6-4E8E-B2BE-26195F4295FD}.Debug|Any CPU.Build.0 = Debug|Any CPU
		{150D9E4D-56D6-4E8E-B2BE-26195F4295FD}.Release|Any CPU.ActiveCfg = Release|Any CPU
		{150D9E4D-56D6-4E8E-B2BE-26195F4295FD}.Release|Any CPU.Build.0 = Release|Any CPU
		{BE2851EC-4CD2-46EC-A63B-DC2FC651D07C}.Debug|Any CPU.ActiveCfg = Debug|Any CPU
		{BE2851EC-4CD2-46EC-A63B-DC2FC651D07C}.Debug|Any CPU.Build.0 = Debug|Any CPU
		{BE2851EC-4CD2-46EC-A63B-DC2FC651D07C}.Release|Any CPU.ActiveCfg = Release|Any CPU
		{BE2851EC-4CD2-46EC-A63B-DC2FC651D07C}.Release|Any CPU.Build.0 = Release|Any CPU
	EndGlobalSection
	GlobalSection(SolutionProperties) = preSolution
		HideSolutionNode = FALSE
	EndGlobalSection
EndGlobal
