
Microsoft Visual Studio Solution File, Format Version 12.00
# Visual Studio 14
VisualStudioVersion = 14.0.25420.1
MinimumVisualStudioVersion = 10.0.40219.1
Project("{FAE04EC0-301F-11D3-BF4B-00C04F79EFBC}") = "ManiacGaren", "ManiacGaren\ManiacGaren.csproj", "{70409BDC-274C-453A-9857-A323CAE5AF2B}"
EndProject
Project("{FAE04EC0-301F-11D3-BF4B-00C04F79EFBC}") = "JungleTimer", "JungleTimer\JungleTimer.csproj", "{B2B8643D-917C-4B09-B14F-D20CA3612F87}"
EndProject
Project("{2150E333-8FDC-42A3-9474-1A3956D46DE8}") = "Solution Items", "Solution Items", "{F8D85484-3709-4201-8282-A59DB0E9DCAD}"
	ProjectSection(SolutionItems) = preProject
		Template.txt = Template.txt
	EndProjectSection
EndProject
Global
	GlobalSection(SolutionConfigurationPlatforms) = preSolution
		Debug|Any CPU = Debug|Any CPU
		Release|Any CPU = Release|Any CPU
	EndGlobalSection
	GlobalSection(ProjectConfigurationPlatforms) = postSolution
		{70409BDC-274C-453A-9857-A323CAE5AF2B}.Debug|Any CPU.ActiveCfg = Debug|Any CPU
		{70409BDC-274C-453A-9857-A323CAE5AF2B}.Debug|Any CPU.Build.0 = Debug|Any CPU
		{70409BDC-274C-453A-9857-A323CAE5AF2B}.Release|Any CPU.ActiveCfg = Release|Any CPU
		{70409BDC-274C-453A-9857-A323CAE5AF2B}.Release|Any CPU.Build.0 = Release|Any CPU
		{B2B8643D-917C-4B09-B14F-D20CA3612F87}.Debug|Any CPU.ActiveCfg = Debug|Any CPU
		{B2B8643D-917C-4B09-B14F-D20CA3612F87}.Debug|Any CPU.Build.0 = Debug|Any CPU
		{B2B8643D-917C-4B09-B14F-D20CA3612F87}.Release|Any CPU.ActiveCfg = Release|Any CPU
		{B2B8643D-917C-4B09-B14F-D20CA3612F87}.Release|Any CPU.Build.0 = Release|Any CPU
	EndGlobalSection
	GlobalSection(SolutionProperties) = preSolution
		HideSolutionNode = FALSE
	EndGlobalSection
EndGlobal
